
Microsoft Visual Studio Solution File, Format Version 12.00
# Visual Studio Version 16
VisualStudioVersion = 16.0.32002.261
MinimumVisualStudioVersion = 10.0.40219.1
Project("{9A19103F-16F7-4668-BE54-9A1E7A4F7556}") = "OdeToFood", "OdeToFood.csproj", "{23A3BF6D-9A82-42C4-A2E9-9A3D89D28B2F}"
EndProject
Project("{FAE04EC0-301F-11D3-BF4B-00C04F79EFBC}") = "OdeToFood.Core", "..\OdeToFood.Core\OdeToFood.Core.csproj", "{3EBD530A-72C0-4A42-9DEB-6FE900A000AD}"
EndProject
Project("{FAE04EC0-301F-11D3-BF4B-00C04F79EFBC}") = "OdeToFood.Data", "..\OdeToFood.Data\OdeToFood.Data.csproj", "{7A7178DE-5344-489B-BE4B-E9830806D318}"
EndProject
Global
	GlobalSection(SolutionConfigurationPlatforms) = preSolution
		Debug|Any CPU = Debug|Any CPU
		Release|Any CPU = Release|Any CPU
	EndGlobalSection
	GlobalSection(ProjectConfigurationPlatforms) = postSolution
		{23A3BF6D-9A82-42C4-A2E9-9A3D89D28B2F}.Debug|Any CPU.ActiveCfg = Debug|Any CPU
		{23A3BF6D-9A82-42C4-A2E9-9A3D89D28B2F}.Debug|Any CPU.Build.0 = Debug|Any CPU
		{23A3BF6D-9A82-42C4-A2E9-9A3D89D28B2F}.Release|Any CPU.ActiveCfg = Release|Any CPU
		{23A3BF6D-9A82-42C4-A2E9-9A3D89D28B2F}.Release|Any CPU.Build.0 = Release|Any CPU
		{3EBD530A-72C0-4A42-9DEB-6FE900A000AD}.Debug|Any CPU.ActiveCfg = Debug|Any CPU
		{3EBD530A-72C0-4A42-9DEB-6FE900A000AD}.Debug|Any CPU.Build.0 = Debug|Any CPU
		{3EBD530A-72C0-4A42-9DEB-6FE900A000AD}.Release|Any CPU.ActiveCfg = Release|Any CPU
		{3EBD530A-72C0-4A42-9DEB-6FE900A000AD}.Release|Any CPU.Build.0 = Release|Any CPU
		{7A7178DE-5344-489B-BE4B-E9830806D318}.Debug|Any CPU.ActiveCfg = Debug|Any CPU
		{7A7178DE-5344-489B-BE4B-E9830806D318}.Debug|Any CPU.Build.0 = Debug|Any CPU
		{7A7178DE-5344-489B-BE4B-E9830806D318}.Release|Any CPU.ActiveCfg = Release|Any CPU
		{7A7178DE-5344-489B-BE4B-E9830806D318}.Release|Any CPU.Build.0 = Release|Any CPU
	EndGlobalSection
	GlobalSection(SolutionProperties) = preSolution
		HideSolutionNode = FALSE
	EndGlobalSection
	GlobalSection(ExtensibilityGlobals) = postSolution
		SolutionGuid = {61A5F731-CC9B-4710-A0D8-13DCDD26B2DB}
	EndGlobalSection
EndGlobal
